
Microsoft Visual Studio Solution File, Format Version 12.00
# Visual Studio 15
VisualStudioVersion = 15.0.27703.2026
MinimumVisualStudioVersion = 10.0.40219.1
Project("{FAE04EC0-301F-11D3-BF4B-00C04F79EFBC}") = "SynthApp", "SynthApp\SynthApp.csproj", "{7775F67C-FB7D-4944-8C8A-FB4E8CD9A27B}"
EndProject
Project("{FAE04EC0-301F-11D3-BF4B-00C04F79EFBC}") = "Stuff", "Stuff\Stuff\Stuff.csproj", "{FC7759EE-727F-429E-9E84-E0DA7FA7FF32}"
EndProject
Project("{FAE04EC0-301F-11D3-BF4B-00C04F79EFBC}") = "SynthLib", "Synth\SynthLib.csproj", "{98D49669-8B40-4248-859F-6C17928315E1}"
EndProject
Global
	GlobalSection(SolutionConfigurationPlatforms) = preSolution
		Debug|Any CPU = Debug|Any CPU
		Release|Any CPU = Release|Any CPU
	EndGlobalSection
	GlobalSection(ProjectConfigurationPlatforms) = postSolution
		{7775F67C-FB7D-4944-8C8A-FB4E8CD9A27B}.Debug|Any CPU.ActiveCfg = Debug|Any CPU
		{7775F67C-FB7D-4944-8C8A-FB4E8CD9A27B}.Debug|Any CPU.Build.0 = Debug|Any CPU
		{7775F67C-FB7D-4944-8C8A-FB4E8CD9A27B}.Release|Any CPU.ActiveCfg = Release|Any CPU
		{7775F67C-FB7D-4944-8C8A-FB4E8CD9A27B}.Release|Any CPU.Build.0 = Release|Any CPU
		{FC7759EE-727F-429E-9E84-E0DA7FA7FF32}.Debug|Any CPU.ActiveCfg = Debug|Any CPU
		{FC7759EE-727F-429E-9E84-E0DA7FA7FF32}.Debug|Any CPU.Build.0 = Debug|Any CPU
		{FC7759EE-727F-429E-9E84-E0DA7FA7FF32}.Release|Any CPU.ActiveCfg = Release|Any CPU
		{FC7759EE-727F-429E-9E84-E0DA7FA7FF32}.Release|Any CPU.Build.0 = Release|Any CPU
		{98D49669-8B40-4248-859F-6C17928315E1}.Debug|Any CPU.ActiveCfg = Debug|Any CPU
		{98D49669-8B40-4248-859F-6C17928315E1}.Debug|Any CPU.Build.0 = Debug|Any CPU
		{98D49669-8B40-4248-859F-6C17928315E1}.Release|Any CPU.ActiveCfg = Release|Any CPU
		{98D49669-8B40-4248-859F-6C17928315E1}.Release|Any CPU.Build.0 = Release|Any CPU
	EndGlobalSection
	GlobalSection(SolutionProperties) = preSolution
		HideSolutionNode = FALSE
	EndGlobalSection
	GlobalSection(ExtensibilityGlobals) = postSolution
		SolutionGuid = {B098ABAC-0F2A-4445-B23C-2E152D00674F}
	EndGlobalSection
EndGlobal
